
Microsoft Visual Studio Solution File, Format Version 12.00
# Visual Studio Version 17
VisualStudioVersion = 17.9.34701.34
MinimumVisualStudioVersion = 10.0.40219.1
Project("{FAE04EC0-301F-11D3-BF4B-00C04F79EFBC}") = "CoreMasterDetails", "CoreMasterDetails\CoreMasterDetails.csproj", "{7413F193-985F-4184-8880-BDC6E499B903}"
EndProject
Global
	GlobalSection(SolutionConfigurationPlatforms) = preSolution
		Debug|Any CPU = Debug|Any CPU
		Release|Any CPU = Release|Any CPU
	EndGlobalSection
	GlobalSection(ProjectConfigurationPlatforms) = postSolution
		{7413F193-985F-4184-8880-BDC6E499B903}.Debug|Any CPU.ActiveCfg = Debug|Any CPU
		{7413F193-985F-4184-8880-BDC6E499B903}.Debug|Any CPU.Build.0 = Debug|Any CPU
		{7413F193-985F-4184-8880-BDC6E499B903}.Release|Any CPU.ActiveCfg = Release|Any CPU
		{7413F193-985F-4184-8880-BDC6E499B903}.Release|Any CPU.Build.0 = Release|Any CPU
	EndGlobalSection
	GlobalSection(SolutionProperties) = preSolution
		HideSolutionNode = FALSE
	EndGlobalSection
	GlobalSection(ExtensibilityGlobals) = postSolution
		SolutionGuid = {0747CC23-C252-4CFF-96DE-3039AB56583B}
	EndGlobalSection
EndGlobal
